
Microsoft Visual Studio Solution File, Format Version 12.00
# Visual Studio 2015
Project("{FAE04EC0-301F-11D3-BF4B-00C04F79EFBC}") = "Ocean.Plugins", "Ocean.Plugins.csproj", "{ECEE0956-ED3F-70DA-08C3-966F92576CDB}"
EndProject
Project("{FAE04EC0-301F-11D3-BF4B-00C04F79EFBC}") = "Ocean", "Ocean.csproj", "{56564903-B616-E922-1BCA-B1AD6D3E8721}"
EndProject
Project("{FAE04EC0-301F-11D3-BF4B-00C04F79EFBC}") = "Ocean.Editor", "Ocean.Editor.csproj", "{6E7C453A-82E3-9987-E0CB-2CE9EA32C3A2}"
EndProject
Global
	GlobalSection(SolutionConfigurationPlatforms) = preSolution
		Debug|Any CPU = Debug|Any CPU
		Release|Any CPU = Release|Any CPU
	EndGlobalSection
	GlobalSection(ProjectConfigurationPlatforms) = postSolution
		{ECEE0956-ED3F-70DA-08C3-966F92576CDB}.Debug|Any CPU.ActiveCfg = Debug|Any CPU
		{ECEE0956-ED3F-70DA-08C3-966F92576CDB}.Debug|Any CPU.Build.0 = Debug|Any CPU
		{ECEE0956-ED3F-70DA-08C3-966F92576CDB}.Release|Any CPU.ActiveCfg = Release|Any CPU
		{ECEE0956-ED3F-70DA-08C3-966F92576CDB}.Release|Any CPU.Build.0 = Release|Any CPU
		{56564903-B616-E922-1BCA-B1AD6D3E8721}.Debug|Any CPU.ActiveCfg = Debug|Any CPU
		{56564903-B616-E922-1BCA-B1AD6D3E8721}.Debug|Any CPU.Build.0 = Debug|Any CPU
		{56564903-B616-E922-1BCA-B1AD6D3E8721}.Release|Any CPU.ActiveCfg = Release|Any CPU
		{56564903-B616-E922-1BCA-B1AD6D3E8721}.Release|Any CPU.Build.0 = Release|Any CPU
		{6E7C453A-82E3-9987-E0CB-2CE9EA32C3A2}.Debug|Any CPU.ActiveCfg = Debug|Any CPU
		{6E7C453A-82E3-9987-E0CB-2CE9EA32C3A2}.Debug|Any CPU.Build.0 = Debug|Any CPU
		{6E7C453A-82E3-9987-E0CB-2CE9EA32C3A2}.Release|Any CPU.ActiveCfg = Release|Any CPU
		{6E7C453A-82E3-9987-E0CB-2CE9EA32C3A2}.Release|Any CPU.Build.0 = Release|Any CPU
	EndGlobalSection
	GlobalSection(SolutionProperties) = preSolution
		HideSolutionNode = FALSE
	EndGlobalSection
EndGlobal
